
Microsoft Visual Studio Solution File, Format Version 12.00
# Visual Studio Version 17
VisualStudioVersion = 17.3.32929.385
MinimumVisualStudioVersion = 10.0.40219.1
Project("{9A19103F-16F7-4668-BE54-9A1E7A4F7556}") = "AddressBookSystem", "AddressBookSystem.csproj", "{32E0A501-8C72-4CA9-8462-7B0DCC06E15C}"
EndProject
Project("{FAE04EC0-301F-11D3-BF4B-00C04F79EFBC}") = "AddressBookSystemTest", "..\AddressBookSystemTest\AddressBookSystemTest.csproj", "{1C955D1C-5AF0-49A0-9701-DB3ACECDBC8A}"
EndProject
Global
	GlobalSection(SolutionConfigurationPlatforms) = preSolution
		Debug|Any CPU = Debug|Any CPU
		Release|Any CPU = Release|Any CPU
	EndGlobalSection
	GlobalSection(ProjectConfigurationPlatforms) = postSolution
		{32E0A501-8C72-4CA9-8462-7B0DCC06E15C}.Debug|Any CPU.ActiveCfg = Debug|Any CPU
		{32E0A501-8C72-4CA9-8462-7B0DCC06E15C}.Debug|Any CPU.Build.0 = Debug|Any CPU
		{32E0A501-8C72-4CA9-8462-7B0DCC06E15C}.Release|Any CPU.ActiveCfg = Release|Any CPU
		{32E0A501-8C72-4CA9-8462-7B0DCC06E15C}.Release|Any CPU.Build.0 = Release|Any CPU
		{1C955D1C-5AF0-49A0-9701-DB3ACECDBC8A}.Debug|Any CPU.ActiveCfg = Debug|Any CPU
		{1C955D1C-5AF0-49A0-9701-DB3ACECDBC8A}.Debug|Any CPU.Build.0 = Debug|Any CPU
		{1C955D1C-5AF0-49A0-9701-DB3ACECDBC8A}.Release|Any CPU.ActiveCfg = Release|Any CPU
		{1C955D1C-5AF0-49A0-9701-DB3ACECDBC8A}.Release|Any CPU.Build.0 = Release|Any CPU
	EndGlobalSection
	GlobalSection(SolutionProperties) = preSolution
		HideSolutionNode = FALSE
	EndGlobalSection
	GlobalSection(ExtensibilityGlobals) = postSolution
		SolutionGuid = {CACF4740-82AE-4C7D-8AD8-C9C425942073}
	EndGlobalSection
EndGlobal
